
Microsoft Visual Studio Solution File, Format Version 12.00
# Visual Studio Version 17
VisualStudioVersion = 17.11.35222.181
MinimumVisualStudioVersion = 10.0.40219.1
Project("{9A19103F-16F7-4668-BE54-9A1E7A4F7556}") = "MyFirstWebApp", "MyFirstWebApp.csproj", "{4B4D30C5-DDD0-415E-BC80-F33E27082EFD}"
EndProject
Project("{FAE04EC0-301F-11D3-BF4B-00C04F79EFBC}") = "MyFirstWebApp.Tests", "..\MyFirstWebApp.Tests\MyFirstWebApp.Tests.csproj", "{FECDB9E9-20F9-4ACC-B66D-61A0F5539EC0}"
EndProject
Global
	GlobalSection(SolutionConfigurationPlatforms) = preSolution
		Debug|Any CPU = Debug|Any CPU
		Release|Any CPU = Release|Any CPU
	EndGlobalSection
	GlobalSection(ProjectConfigurationPlatforms) = postSolution
		{4B4D30C5-DDD0-415E-BC80-F33E27082EFD}.Debug|Any CPU.ActiveCfg = Debug|Any CPU
		{4B4D30C5-DDD0-415E-BC80-F33E27082EFD}.Debug|Any CPU.Build.0 = Debug|Any CPU
		{4B4D30C5-DDD0-415E-BC80-F33E27082EFD}.Release|Any CPU.ActiveCfg = Release|Any CPU
		{4B4D30C5-DDD0-415E-BC80-F33E27082EFD}.Release|Any CPU.Build.0 = Release|Any CPU
		{FECDB9E9-20F9-4ACC-B66D-61A0F5539EC0}.Debug|Any CPU.ActiveCfg = Debug|Any CPU
		{FECDB9E9-20F9-4ACC-B66D-61A0F5539EC0}.Debug|Any CPU.Build.0 = Debug|Any CPU
		{FECDB9E9-20F9-4ACC-B66D-61A0F5539EC0}.Release|Any CPU.ActiveCfg = Release|Any CPU
		{FECDB9E9-20F9-4ACC-B66D-61A0F5539EC0}.Release|Any CPU.Build.0 = Release|Any CPU
	EndGlobalSection
	GlobalSection(SolutionProperties) = preSolution
		HideSolutionNode = FALSE
	EndGlobalSection
	GlobalSection(ExtensibilityGlobals) = postSolution
		SolutionGuid = {A4A47A69-EAC2-4518-A452-54B5D56B8AD7}
	EndGlobalSection
EndGlobal
